// !$*UTF8*$!
{
	archiveVersion = 1;
	classes = {
	};
	objectVersion = 50;
	objects = {

/* Begin PBXBuildFile section */
		75E543D52169F3C800A0A7D5 /* AppDelegate.swift in Sources */ = {isa = PBXBuildFile; fileRef = 75E543D42169F3C800A0A7D5 /* AppDelegate.swift */; };
		75E543D72169F3C800A0A7D5 /* WelcomeVC.swift in Sources */ = {isa = PBXBuildFile; fileRef = 75E543D62169F3C800A0A7D5 /* WelcomeVC.swift */; };
		75E543DA2169F3C800A0A7D5 /* Main.storyboard in Resources */ = {isa = PBXBuildFile; fileRef = 75E543D82169F3C800A0A7D5 /* Main.storyboard */; };
		75E543DC2169F3CA00A0A7D5 /* Assets.xcassets in Resources */ = {isa = PBXBuildFile; fileRef = 75E543DB2169F3CA00A0A7D5 /* Assets.xcassets */; };
		75E543DF2169F3CA00A0A7D5 /* LaunchScreen.storyboard in Resources */ = {isa = PBXBuildFile; fileRef = 75E543DD2169F3CA00A0A7D5 /* LaunchScreen.storyboard */; };
		75E543E82169F72A00A0A7D5 /* BorderButton.swift in Sources */ = {isa = PBXBuildFile; fileRef = 75E543E72169F72A00A0A7D5 /* BorderButton.swift */; };
		75E543EC216A0B8500A0A7D5 /* LeagueVC.swift in Sources */ = {isa = PBXBuildFile; fileRef = 75E543EB216A0B8500A0A7D5 /* LeagueVC.swift */; };
		75E543EF216A0B9E00A0A7D5 /* SkillVC.swift in Sources */ = {isa = PBXBuildFile; fileRef = 75E543EE216A0B9E00A0A7D5 /* SkillVC.swift */; };
		75E543F1216A10A000A0A7D5 /* Player.swift in Sources */ = {isa = PBXBuildFile; fileRef = 75E543F0216A10A000A0A7D5 /* Player.swift */; };
/* End PBXBuildFile section */

/* Begin PBXFileReference section */
		75E543D12169F3C800A0A7D5 /* Swoosh.app */ = {isa = PBXFileReference; explicitFileType = wrapper.application; includeInIndex = 0; path = Swoosh.app; sourceTree = BUILT_PRODUCTS_DIR; };
		75E543D42169F3C800A0A7D5 /* AppDelegate.swift */ = {isa = PBXFileReference; lastKnownFileType = sourcecode.swift; path = AppDelegate.swift; sourceTree = "<group>"; };
		75E543D62169F3C800A0A7D5 /* WelcomeVC.swift */ = {isa = PBXFileReference; lastKnownFileType = sourcecode.swift; path = WelcomeVC.swift; sourceTree = "<group>"; };
		75E543D92169F3C800A0A7D5 /* Base */ = {isa = PBXFileReference; lastKnownFileType = file.storyboard; name = Base; path = Base.lproj/Main.storyboard; sourceTree = "<group>"; };
		75E543DB2169F3CA00A0A7D5 /* Assets.xcassets */ = {isa = PBXFileReference; lastKnownFileType = folder.assetcatalog; path = Assets.xcassets; sourceTree = "<group>"; };
		75E543DE2169F3CA00A0A7D5 /* Base */ = {isa = PBXFileReference; lastKnownFileType = file.storyboard; name = Base; path = Base.lproj/LaunchScreen.storyboard; sourceTree = "<group>"; };
		75E543E02169F3CA00A0A7D5 /* Info.plist */ = {isa = PBXFileReference; lastKnownFileType = text.plist.xml; path = Info.plist; sourceTree = "<group>"; };
		75E543E72169F72A00A0A7D5 /* BorderButton.swift */ = {isa = PBXFileReference; lastKnownFileType = sourcecode.swift; path = BorderButton.swift; sourceTree = "<group>"; };
		75E543EB216A0B8500A0A7D5 /* LeagueVC.swift */ = {isa = PBXFileReference; lastKnownFileType = sourcecode.swift; path = LeagueVC.swift; sourceTree = "<group>"; };
		75E543EE216A0B9E00A0A7D5 /* SkillVC.swift */ = {isa = PBXFileReference; lastKnownFileType = sourcecode.swift; path = SkillVC.swift; sourceTree = "<group>"; };
		75E543F0216A10A000A0A7D5 /* Player.swift */ = {isa = PBXFileReference; lastKnownFileType = sourcecode.swift; path = Player.swift; sourceTree = "<group>"; };
/* End PBXFileReference section */

/* Begin PBXFrameworksBuildPhase section */
		75E543CE2169F3C800A0A7D5 /* Frameworks */ = {
			isa = PBXFrameworksBuildPhase;
			buildActionMask = 2147483647;
			files = (
			);
			runOnlyForDeploymentPostprocessing = 0;
		};
/* End PBXFrameworksBuildPhase section */

/* Begin PBXGroup section */
		75E543C82169F3C800A0A7D5 = {
			isa = PBXGroup;
			children = (
				75E543D32169F3C800A0A7D5 /* Swoosh */,
				75E543D22169F3C800A0A7D5 /* Products */,
			);
			sourceTree = "<group>";
		};
		75E543D22169F3C800A0A7D5 /* Products */ = {
			isa = PBXGroup;
			children = (
				75E543D12169F3C800A0A7D5 /* Swoosh.app */,
			);
			name = Products;
			sourceTree = "<group>";
		};
		75E543D32169F3C800A0A7D5 /* Swoosh */ = {
			isa = PBXGroup;
			children = (
				75E543EA216A0AEF00A0A7D5 /* Model */,
				75E543E9216A0ADE00A0A7D5 /* Controller */,
				75E543E62169F70B00A0A7D5 /* Views */,
				75E543D42169F3C800A0A7D5 /* AppDelegate.swift */,
				75E543D82169F3C800A0A7D5 /* Main.storyboard */,
				75E543DB2169F3CA00A0A7D5 /* Assets.xcassets */,
				75E543DD2169F3CA00A0A7D5 /* LaunchScreen.storyboard */,
				75E543E02169F3CA00A0A7D5 /* Info.plist */,
			);
			path = Swoosh;
			sourceTree = "<group>";
		};
		75E543E62169F70B00A0A7D5 /* Views */ = {
			isa = PBXGroup;
			children = (
				75E543E72169F72A00A0A7D5 /* BorderButton.swift */,
			);
			path = Views;
			sourceTree = "<group>";
		};
		75E543E9216A0ADE00A0A7D5 /* Controller */ = {
			isa = PBXGroup;
			children = (
				75E543D62169F3C800A0A7D5 /* WelcomeVC.swift */,
				75E543EB216A0B8500A0A7D5 /* LeagueVC.swift */,
				75E543EE216A0B9E00A0A7D5 /* SkillVC.swift */,
			);
			path = Controller;
			sourceTree = "<group>";
		};
		75E543EA216A0AEF00A0A7D5 /* Model */ = {
			isa = PBXGroup;
			children = (
				75E543F0216A10A000A0A7D5 /* Player.swift */,
			);
			path = Model;
			sourceTree = "<group>";
		};
/* End PBXGroup section */

/* Begin PBXNativeTarget section */
		75E543D02169F3C800A0A7D5 /* Swoosh */ = {
			isa = PBXNativeTarget;
			buildConfigurationList = 75E543E32169F3CA00A0A7D5 /* Build configuration list for PBXNativeTarget "Swoosh" */;
			buildPhases = (
				75E543CD2169F3C800A0A7D5 /* Sources */,
				75E543CE2169F3C800A0A7D5 /* Frameworks */,
				75E543CF2169F3C800A0A7D5 /* Resources */,
			);
			buildRules = (
			);
			dependencies = (
			);
			name = Swoosh;
			productName = Swoosh;
			productReference = 75E543D12169F3C800A0A7D5 /* Swoosh.app */;
			productType = "com.apple.product-type.application";
		};
/* End PBXNativeTarget section */

/* Begin PBXProject section */
		75E543C92169F3C800A0A7D5 /* Project object */ = {
			isa = PBXProject;
			attributes = {
				LastSwiftUpdateCheck = 1000;
				LastUpgradeCheck = 1000;
				ORGANIZATIONNAME = Artur;
				TargetAttributes = {
					75E543D02169F3C800A0A7D5 = {
						CreatedOnToolsVersion = 10.0;
					};
				};
			};
			buildConfigurationList = 75E543CC2169F3C800A0A7D5 /* Build configuration list for PBXProject "Swoosh" */;
			compatibilityVersion = "Xcode 9.3";
			developmentRegion = en;
			hasScannedForEncodings = 0;
			knownRegions = (
				en,
				Base,
			);
			mainGroup = 75E543C82169F3C800A0A7D5;
			productRefGroup = 75E543D22169F3C800A0A7D5 /* Products */;
			projectDirPath = "";
			projectRoot = "";
			targets = (
				75E543D02169F3C800A0A7D5 /* Swoosh */,
			);
		};
/* End PBXProject section */

/* Begin PBXResourcesBuildPhase section */
		75E543CF2169F3C800A0A7D5 /* Resources */ = {
			isa = PBXResourcesBuildPhase;
			buildActionMask = 2147483647;
			files = (
				75E543DF2169F3CA00A0A7D5 /* LaunchScreen.storyboard in Resources */,
				75E543DC2169F3CA00A0A7D5 /* Assets.xcassets in Resources */,
				75E543DA2169F3C800A0A7D5 /* Main.storyboard in Resources */,
			);
			runOnlyForDeploymentPostprocessing = 0;
		};
/* End PBXResourcesBuildPhase section */

/* Begin PBXSourcesBuildPhase section */
		75E543CD2169F3C800A0A7D5 /* Sources */ = {
			isa = PBXSourcesBuildPhase;
			buildActionMask = 2147483647;
			files = (
				75E543D72169F3C800A0A7D5 /* WelcomeVC.swift in Sources */,
				75E543EC216A0B8500A0A7D5 /* LeagueVC.swift in Sources */,
				75E543D52169F3C800A0A7D5 /* AppDelegate.swift in Sources */,
				75E543EF216A0B9E00A0A7D5 /* SkillVC.swift in Sources */,
				75E543F1216A10A000A0A7D5 /* Player.swift in Sources */,
				75E543E82169F72A00A0A7D5 /* BorderButton.swift in Sources */,
			);
			runOnlyForDeploymentPostprocessing = 0;
		};
/* End PBXSourcesBuildPhase section */

/* Begin PBXVariantGroup section */
		75E543D82169F3C800A0A7D5 /* Main.storyboard */ = {
			isa = PBXVariantGroup;
			children = (
				75E543D92169F3C800A0A7D5 /* Base */,
			);
			name = Main.storyboard;
			sourceTree = "<group>";
		};
		75E543DD2169F3CA00A0A7D5 /* LaunchScreen.storyboard */ = {
			isa = PBXVariantGroup;
			children = (
				75E543DE2169F3CA00A0A7D5 /* Base */,
			);
			name = LaunchScreen.storyboard;
			sourceTree = "<group>";
		};
/* End PBXVariantGroup section */

/* Begin XCBuildConfiguration section */
		75E543E12169F3CA00A0A7D5 /* Debug */ = {
			isa = XCBuildConfiguration;
			buildSettings = {
				ALWAYS_SEARCH_USER_PATHS = NO;
				CLANG_ANALYZER_NONNULL = YES;
				CLANG_ANALYZER_NUMBER_OBJECT_CONVERSION = YES_AGGRESSIVE;
				CLANG_CXX_LANGUAGE_STANDARD = "gnu++14";
				CLANG_CXX_LIBRARY = "libc++";
				CLANG_ENABLE_MODULES = YES;
				CLANG_ENABLE_OBJC_ARC = YES;
				CLANG_ENABLE_OBJC_WEAK = YES;
				CLANG_WARN_BLOCK_CAPTURE_AUTORELEASING = YES;
				CLANG_WARN_BOOL_CONVERSION = YES;
				CLANG_WARN_COMMA = YES;
				CLANG_WARN_CONSTANT_CONVERSION = YES;
				CLANG_WARN_DEPRECATED_OBJC_IMPLEMENTATIONS = YES;
				CLANG_WARN_DIRECT_OBJC_ISA_USAGE = YES_ERROR;
				CLANG_WARN_DOCUMENTATION_COMMENTS = YES;
				CLANG_WARN_EMPTY_BODY = YES;
				CLANG_WARN_ENUM_CONVERSION = YES;
				CLANG_WARN_INFINITE_RECURSION = YES;
				CLANG_WARN_INT_CONVERSION = YES;
				CLANG_WARN_NON_LITERAL_NULL_CONVERSION = YES;
				CLANG_WARN_OBJC_IMPLICIT_RETAIN_SELF = YES;
				CLANG_WARN_OBJC_LITERAL_CONVERSION = YES;
				CLANG_WARN_OBJC_ROOT_CLASS = YES_ERROR;
				CLANG_WARN_RANGE_LOOP_ANALYSIS = YES;
				CLANG_WARN_STRICT_PROTOTYPES = YES;
				CLANG_WARN_SUSPICIOUS_MOVE = YES;
				CLANG_WARN_UNGUARDED_AVAILABILITY = YES_AGGRESSIVE;
				CLANG_WARN_UNREACHABLE_CODE = YES;
				CLANG_WARN__DUPLICATE_METHOD_MATCH = YES;
				CODE_SIGN_IDENTITY = "iPhone Developer";
				COPY_PHASE_STRIP = NO;
				DEBUG_INFORMATION_FORMAT = dwarf;
				ENABLE_STRICT_OBJC_MSGSEND = YES;
				ENABLE_TESTABILITY = YES;
				GCC_C_LANGUAGE_STANDARD = gnu11;
				GCC_DYNAMIC_NO_PIC = NO;
				GCC_NO_COMMON_BLOCKS = YES;
				GCC_OPTIMIZATION_LEVEL = 0;
				GCC_PREPROCESSOR_DEFINITIONS = (
					"DEBUG=1",
					"$(inherited)",
				);
				GCC_WARN_64_TO_32_BIT_CONVERSION = YES;
				GCC_WARN_ABOUT_RETURN_TYPE = YES_ERROR;
				GCC_WARN_UNDECLARED_SELECTOR = YES;
				GCC_WARN_UNINITIALIZED_AUTOS = YES_AGGRESSIVE;
				GCC_WARN_UNUSED_FUNCTION = YES;
				GCC_WARN_UNUSED_VARIABLE = YES;
				IPHONEOS_DEPLOYMENT_TARGET = 12.0;
				MTL_ENABLE_DEBUG_INFO = INCLUDE_SOURCE;
				MTL_FAST_MATH = YES;
				ONLY_ACTIVE_ARCH = YES;
				SDKROOT = iphoneos;
				SWIFT_ACTIVE_COMPILATION_CONDITIONS = DEBUG;
				SWIFT_OPTIMIZATION_LEVEL = "-Onone";
			};
			name = Debug;
		};
		75E543E22169F3CA00A0A7D5 /* Release */ = {
			isa = XCBuildConfiguration;
			buildSettings = {
				ALWAYS_SEARCH_USER_PATHS = NO;
				CLANG_ANALYZER_NONNULL = YES;
				CLANG_ANALYZER_NUMBER_OBJECT_CONVERSION = YES_AGGRESSIVE;
				CLANG_CXX_LANGUAGE_STANDARD = "gnu++14";
				CLANG_CXX_LIBRARY = "libc++";
				CLANG_ENABLE_MODULES = YES;
				CLANG_ENABLE_OBJC_ARC = YES;
				CLANG_ENABLE_OBJC_WEAK = YES;
				CLANG_WARN_BLOCK_CAPTURE_AUTORELEASING = YES;
				CLANG_WARN_BOOL_CONVERSION = YES;
				CLANG_WARN_COMMA = YES;
				CLANG_WARN_CONSTANT_CONVERSION = YES;
				CLANG_WARN_DEPRECATED_OBJC_IMPLEMENTATIONS = YES;
				CLANG_WARN_DIRECT_OBJC_ISA_USAGE = YES_ERROR;
				CLANG_WARN_DOCUMENTATION_COMMENTS = YES;
				CLANG_WARN_EMPTY_BODY = YES;
				CLANG_WARN_ENUM_CONVERSION = YES;
				CLANG_WARN_INFINITE_RECURSION = YES;
				CLANG_WARN_INT_CONVERSION = YES;
				CLANG_WARN_NON_LITERAL_NULL_CONVERSION = YES;
				CLANG_WARN_OBJC_IMPLICIT_RETAIN_SELF = YES;
				CLANG_WARN_OBJC_LITERAL_CONVERSION = YES;
				CLANG_WARN_OBJC_ROOT_CLASS = YES_ERROR;
				CLANG_WARN_RANGE_LOOP_ANALYSIS = YES;
				CLANG_WARN_STRICT_PROTOTYPES = YES;
				CLANG_WARN_SUSPICIOUS_MOVE = YES;
				CLANG_WARN_UNGUARDED_AVAILABILITY = YES_AGGRESSIVE;
				CLANG_WARN_UNREACHABLE_CODE = YES;
				CLANG_WARN__DUPLICATE_METHOD_MATCH = YES;
				CODE_SIGN_IDENTITY = "iPhone Developer";
				COPY_PHASE_STRIP = NO;
				DEBUG_INFORMATION_FORMAT = "dwarf-with-dsym";
				ENABLE_NS_ASSERTIONS = NO;
				ENABLE_STRICT_OBJC_MSGSEND = YES;
				GCC_C_LANGUAGE_STANDARD = gnu11;
				GCC_NO_COMMON_BLOCKS = YES;
				GCC_WARN_64_TO_32_BIT_CONVERSION = YES;
				GCC_WARN_ABOUT_RETURN_TYPE = YES_ERROR;
				GCC_WARN_UNDECLARED_SELECTOR = YES;
				GCC_WARN_UNINITIALIZED_AUTOS = YES_AGGRESSIVE;
				GCC_WARN_UNUSED_FUNCTION = YES;
				GCC_WARN_UNUSED_VARIABLE = YES;
				IPHONEOS_DEPLOYMENT_TARGET = 12.0;
				MTL_ENABLE_DEBUG_INFO = NO;
				MTL_FAST_MATH = YES;
				SDKROOT = iphoneos;
				SWIFT_COMPILATION_MODE = wholemodule;
				SWIFT_OPTIMIZATION_LEVEL = "-O";
				VALIDATE_PRODUCT = YES;
			};
			name = Release;
		};
		75E543E42169F3CA00A0A7D5 /* Debug */ = {
			isa = XCBuildConfiguration;
			buildSettings = {
				ASSETCATALOG_COMPILER_APPICON_NAME = AppIcon;
				CODE_SIGN_STYLE = Automatic;
				INFOPLIST_FILE = Swoosh/Info.plist;
				LD_RUNPATH_SEARCH_PATHS = (
					"$(inherited)",
					"@executable_path/Frameworks",
				);
				PRODUCT_BUNDLE_IDENTIFIER = ratajczak.artur.Swoosh;
				PRODUCT_NAME = "$(TARGET_NAME)";
				SWIFT_VERSION = 4.2;
				TARGETED_DEVICE_FAMILY = 1;
			};
			name = Debug;
		};
		75E543E52169F3CA00A0A7D5 /* Release */ = {
			isa = XCBuildConfiguration;
			buildSettings = {
				ASSETCATALOG_COMPILER_APPICON_NAME = AppIcon;
				CODE_SIGN_STYLE = Automatic;
				INFOPLIST_FILE = Swoosh/Info.plist;
				LD_RUNPATH_SEARCH_PATHS = (
					"$(inherited)",
					"@executable_path/Frameworks",
				);
				PRODUCT_BUNDLE_IDENTIFIER = ratajczak.artur.Swoosh;
				PRODUCT_NAME = "$(TARGET_NAME)";
				SWIFT_VERSION = 4.2;
				TARGETED_DEVICE_FAMILY = 1;
			};
			name = Release;
		};
/* End XCBuildConfiguration section */

/* Begin XCConfigurationList section */
		75E543CC2169F3C800A0A7D5 /* Build configuration list for PBXProject "Swoosh" */ = {
			isa = XCConfigurationList;
			buildConfigurations = (
				75E543E12169F3CA00A0A7D5 /* Debug */,
				75E543E22169F3CA00A0A7D5 /* Release */,
			);
			defaultConfigurationIsVisible = 0;
			defaultConfigurationName = Release;
		};
		75E543E32169F3CA00A0A7D5 /* Build configuration list for PBXNativeTarget "Swoosh" */ = {
			isa = XCConfigurationList;
			buildConfigurations = (
				75E543E42169F3CA00A0A7D5 /* Debug */,
				75E543E52169F3CA00A0A7D5 /* Release */,
			);
			defaultConfigurationIsVisible = 0;
			defaultConfigurationName = Release;
		};
/* End XCConfigurationList section */
	};
	rootObject = 75E543C92169F3C800A0A7D5 /* Project object */;
}
